
Microsoft Visual Studio Solution File, Format Version 12.00
Project("{FAE04EC0-301F-11D3-BF4B-00C04F79EFBC}") = "ScreenSound", "ScreenSound\ScreenSound.csproj", "{66B42B98-2287-4E25-965B-638CF125BE64}"
EndProject
Global
	GlobalSection(SolutionConfigurationPlatforms) = preSolution
		Debug|Any CPU = Debug|Any CPU
		Release|Any CPU = Release|Any CPU
	EndGlobalSection
	GlobalSection(ProjectConfigurationPlatforms) = postSolution
		{66B42B98-2287-4E25-965B-638CF125BE64}.Debug|Any CPU.ActiveCfg = Debug|Any CPU
		{66B42B98-2287-4E25-965B-638CF125BE64}.Debug|Any CPU.Build.0 = Debug|Any CPU
		{66B42B98-2287-4E25-965B-638CF125BE64}.Release|Any CPU.ActiveCfg = Release|Any CPU
		{66B42B98-2287-4E25-965B-638CF125BE64}.Release|Any CPU.Build.0 = Release|Any CPU
	EndGlobalSection
EndGlobal
